
Microsoft Visual Studio Solution File, Format Version 12.00
# Visual Studio 2012
# Ranorex Studio 9.3.0
VisualStudioVersion = 12.0.20827.3
MinimumVisualStudioVersion = 10.0.40219.1
Project("{2150E333-8FDC-42A3-9474-1A3956D46DE8}") = "Solution Items", "Solution Items", "{913A85B5-BEC2-4632-B7D0-F9CEF784039F}"
	ProjectSection(SolutionItems) = postProject
		Ranorex = .\Ranorex.rxsettings
	EndProjectSection
EndProject
Project("{FAE04EC0-301F-11D3-BF4B-00C04F79EFBC}") = "VBS_Android", "VBS_Android\VBS_Android.csproj", "{B3763100-B028-4821-ACE8-8AC58FA5561C}"
EndProject
Global
	GlobalSection(SolutionConfigurationPlatforms) = preSolution
		Debug|x86 = Debug|x86
		Release|x86 = Release|x86
	EndGlobalSection
	GlobalSection(ProjectConfigurationPlatforms) = postSolution
		{B3763100-B028-4821-ACE8-8AC58FA5561C}.Debug|x86.Build.0 = Debug|x86
		{B3763100-B028-4821-ACE8-8AC58FA5561C}.Debug|x86.ActiveCfg = Debug|x86
		{B3763100-B028-4821-ACE8-8AC58FA5561C}.Release|x86.Build.0 = Release|x86
		{B3763100-B028-4821-ACE8-8AC58FA5561C}.Release|x86.ActiveCfg = Release|x86
	EndGlobalSection
EndGlobal
